
Microsoft Visual Studio Solution File, Format Version 12.00
Project("{FAE04EC0-301F-11D3-BF4B-00C04F79EFBC}") = "HW01IMAGE", "HW01IMAGE\HW01IMAGE.csproj", "{BB65F931-3C50-4168-8FEF-4E74267C3B72}"
EndProject
Project("{FAE04EC0-301F-11D3-BF4B-00C04F79EFBC}") = "HW.03.Casting", "HW.03.Casting\HW.03.Casting.csproj", "{B6CBEB72-7451-420A-A18E-33B8BC5C493B}"
EndProject
Global
	GlobalSection(SolutionConfigurationPlatforms) = preSolution
		Debug|Any CPU = Debug|Any CPU
		Release|Any CPU = Release|Any CPU
	EndGlobalSection
	GlobalSection(ProjectConfigurationPlatforms) = postSolution
		{BB65F931-3C50-4168-8FEF-4E74267C3B72}.Debug|Any CPU.ActiveCfg = Debug|Any CPU
		{BB65F931-3C50-4168-8FEF-4E74267C3B72}.Debug|Any CPU.Build.0 = Debug|Any CPU
		{BB65F931-3C50-4168-8FEF-4E74267C3B72}.Release|Any CPU.ActiveCfg = Release|Any CPU
		{BB65F931-3C50-4168-8FEF-4E74267C3B72}.Release|Any CPU.Build.0 = Release|Any CPU
		{B6CBEB72-7451-420A-A18E-33B8BC5C493B}.Debug|Any CPU.ActiveCfg = Debug|Any CPU
		{B6CBEB72-7451-420A-A18E-33B8BC5C493B}.Debug|Any CPU.Build.0 = Debug|Any CPU
		{B6CBEB72-7451-420A-A18E-33B8BC5C493B}.Release|Any CPU.ActiveCfg = Release|Any CPU
		{B6CBEB72-7451-420A-A18E-33B8BC5C493B}.Release|Any CPU.Build.0 = Release|Any CPU
	EndGlobalSection
EndGlobal
