
Microsoft Visual Studio Solution File, Format Version 12.00
Project("{FAE04EC0-301F-11D3-BF4B-00C04F79EFBC}") = "HW01IMAGE", "HW01IMAGE\HW01IMAGE.csproj", "{BB65F931-3C50-4168-8FEF-4E74267C3B72}"
EndProject
Project("{FAE04EC0-301F-11D3-BF4B-00C04F79EFBC}") = "HW.04.Types", "HW.04.Types\HW.04.Types.csproj", "{96642ACC-542A-4972-8BFC-79E8B1B39296}"
EndProject
Project("{FAE04EC0-301F-11D3-BF4B-00C04F79EFBC}") = "HW.07.TASK01", "HW.07.TASK01\HW.07.TASK01.csproj", "{C8B40D5D-1EE1-4CD9-B8EE-E8A192221109}"
EndProject
Project("{FAE04EC0-301F-11D3-BF4B-00C04F79EFBC}") = "HW.07.TASK02", "HW.07.TASK02\HW.07.TASK02.csproj", "{DE3520D6-653F-4A0F-9012-ABA1D3ADE298}"
EndProject
Project("{FAE04EC0-301F-11D3-BF4B-00C04F79EFBC}") = "HW.07.TASK3", "HW.07.TASK3\HW.07.TASK3.csproj", "{8290496C-A9CF-4F41-BFFB-E1C38897A2F4}"
EndProject
Global
	GlobalSection(SolutionConfigurationPlatforms) = preSolution
		Debug|Any CPU = Debug|Any CPU
		Release|Any CPU = Release|Any CPU
	EndGlobalSection
	GlobalSection(ProjectConfigurationPlatforms) = postSolution
		{BB65F931-3C50-4168-8FEF-4E74267C3B72}.Debug|Any CPU.ActiveCfg = Debug|Any CPU
		{BB65F931-3C50-4168-8FEF-4E74267C3B72}.Debug|Any CPU.Build.0 = Debug|Any CPU
		{BB65F931-3C50-4168-8FEF-4E74267C3B72}.Release|Any CPU.ActiveCfg = Release|Any CPU
		{BB65F931-3C50-4168-8FEF-4E74267C3B72}.Release|Any CPU.Build.0 = Release|Any CPU
		{96642ACC-542A-4972-8BFC-79E8B1B39296}.Debug|Any CPU.ActiveCfg = Debug|Any CPU
		{96642ACC-542A-4972-8BFC-79E8B1B39296}.Debug|Any CPU.Build.0 = Debug|Any CPU
		{96642ACC-542A-4972-8BFC-79E8B1B39296}.Release|Any CPU.ActiveCfg = Release|Any CPU
		{96642ACC-542A-4972-8BFC-79E8B1B39296}.Release|Any CPU.Build.0 = Release|Any CPU
		{C8B40D5D-1EE1-4CD9-B8EE-E8A192221109}.Debug|Any CPU.ActiveCfg = Debug|Any CPU
		{C8B40D5D-1EE1-4CD9-B8EE-E8A192221109}.Debug|Any CPU.Build.0 = Debug|Any CPU
		{C8B40D5D-1EE1-4CD9-B8EE-E8A192221109}.Release|Any CPU.ActiveCfg = Release|Any CPU
		{C8B40D5D-1EE1-4CD9-B8EE-E8A192221109}.Release|Any CPU.Build.0 = Release|Any CPU
		{DE3520D6-653F-4A0F-9012-ABA1D3ADE298}.Debug|Any CPU.ActiveCfg = Debug|Any CPU
		{DE3520D6-653F-4A0F-9012-ABA1D3ADE298}.Debug|Any CPU.Build.0 = Debug|Any CPU
		{DE3520D6-653F-4A0F-9012-ABA1D3ADE298}.Release|Any CPU.ActiveCfg = Release|Any CPU
		{DE3520D6-653F-4A0F-9012-ABA1D3ADE298}.Release|Any CPU.Build.0 = Release|Any CPU
		{8290496C-A9CF-4F41-BFFB-E1C38897A2F4}.Debug|Any CPU.ActiveCfg = Debug|Any CPU
		{8290496C-A9CF-4F41-BFFB-E1C38897A2F4}.Debug|Any CPU.Build.0 = Debug|Any CPU
		{8290496C-A9CF-4F41-BFFB-E1C38897A2F4}.Release|Any CPU.ActiveCfg = Release|Any CPU
		{8290496C-A9CF-4F41-BFFB-E1C38897A2F4}.Release|Any CPU.Build.0 = Release|Any CPU
	EndGlobalSection
EndGlobal
