
Microsoft Visual Studio Solution File, Format Version 12.00
Project("{FAE04EC0-301F-11D3-BF4B-00C04F79EFBC}") = "HW01IMAGE", "HW01IMAGE\HW01IMAGE.csproj", "{BB65F931-3C50-4168-8FEF-4E74267C3B72}"
EndProject
Project("{FAE04EC0-301F-11D3-BF4B-00C04F79EFBC}") = "HW03.Operators", "HW03.Operators\HW03.Operators.csproj", "{39BA05AB-E323-4591-BBFC-9C4813A33AF6}"
EndProject
Project("{FAE04EC0-301F-11D3-BF4B-00C04F79EFBC}") = "Alpabet", "Alpabet\Alpabet.csproj", "{70E697EC-F9DE-40FD-811F-B307A2C89D1C}"
EndProject
Global
	GlobalSection(SolutionConfigurationPlatforms) = preSolution
		Debug|Any CPU = Debug|Any CPU
		Release|Any CPU = Release|Any CPU
	EndGlobalSection
	GlobalSection(ProjectConfigurationPlatforms) = postSolution
		{BB65F931-3C50-4168-8FEF-4E74267C3B72}.Debug|Any CPU.ActiveCfg = Debug|Any CPU
		{BB65F931-3C50-4168-8FEF-4E74267C3B72}.Debug|Any CPU.Build.0 = Debug|Any CPU
		{BB65F931-3C50-4168-8FEF-4E74267C3B72}.Release|Any CPU.ActiveCfg = Release|Any CPU
		{BB65F931-3C50-4168-8FEF-4E74267C3B72}.Release|Any CPU.Build.0 = Release|Any CPU
		{39BA05AB-E323-4591-BBFC-9C4813A33AF6}.Debug|Any CPU.ActiveCfg = Debug|Any CPU
		{39BA05AB-E323-4591-BBFC-9C4813A33AF6}.Debug|Any CPU.Build.0 = Debug|Any CPU
		{39BA05AB-E323-4591-BBFC-9C4813A33AF6}.Release|Any CPU.ActiveCfg = Release|Any CPU
		{39BA05AB-E323-4591-BBFC-9C4813A33AF6}.Release|Any CPU.Build.0 = Release|Any CPU
		{70E697EC-F9DE-40FD-811F-B307A2C89D1C}.Debug|Any CPU.ActiveCfg = Debug|Any CPU
		{70E697EC-F9DE-40FD-811F-B307A2C89D1C}.Debug|Any CPU.Build.0 = Debug|Any CPU
		{70E697EC-F9DE-40FD-811F-B307A2C89D1C}.Release|Any CPU.ActiveCfg = Release|Any CPU
		{70E697EC-F9DE-40FD-811F-B307A2C89D1C}.Release|Any CPU.Build.0 = Release|Any CPU
	EndGlobalSection
EndGlobal
